
Microsoft Visual Studio Solution File, Format Version 12.00
# Visual Studio Version 17
VisualStudioVersion = 17.0.32014.148
MinimumVisualStudioVersion = 10.0.40219.1
Project("{8BC9CEB8-8B4A-11D0-8D11-00A0C91BC942}") = "HangmanWip", "HangmanWip.vcxproj", "{FCF35862-ED45-4F72-9202-9C14889A2911}"
EndProject
Global
	GlobalSection(SolutionConfigurationPlatforms) = preSolution
		Debug|x64 = Debug|x64
		Debug|x86 = Debug|x86
		Release|x64 = Release|x64
		Release|x86 = Release|x86
	EndGlobalSection
	GlobalSection(ProjectConfigurationPlatforms) = postSolution
		{FCF35862-ED45-4F72-9202-9C14889A2911}.Debug|x64.ActiveCfg = Debug|x64
		{FCF35862-ED45-4F72-9202-9C14889A2911}.Debug|x64.Build.0 = Debug|x64
		{FCF35862-ED45-4F72-9202-9C14889A2911}.Debug|x86.ActiveCfg = Debug|Win32
		{FCF35862-ED45-4F72-9202-9C14889A2911}.Debug|x86.Build.0 = Debug|Win32
		{FCF35862-ED45-4F72-9202-9C14889A2911}.Release|x64.ActiveCfg = Release|x64
		{FCF35862-ED45-4F72-9202-9C14889A2911}.Release|x64.Build.0 = Release|x64
		{FCF35862-ED45-4F72-9202-9C14889A2911}.Release|x86.ActiveCfg = Release|Win32
		{FCF35862-ED45-4F72-9202-9C14889A2911}.Release|x86.Build.0 = Release|Win32
	EndGlobalSection
	GlobalSection(SolutionProperties) = preSolution
		HideSolutionNode = FALSE
	EndGlobalSection
	GlobalSection(ExtensibilityGlobals) = postSolution
		SolutionGuid = {CE732789-3790-41F9-9F68-2BF9D09A453C}
	EndGlobalSection
EndGlobal
